{
  "object": {
    "pins": [
      {
        "package": "DateBuilder",
        "repositoryURL": "https://github.com/dreymonde/DateBuilder",
        "state": {
          "branch": null,
          "revision": "19abcf5bcdabf492e15aa018d656b9150bdad409",
          "version": "0.1.3"
        }
      }
    ]
  },
  "version": 1
}
