{
  "object": {
    "pins": [
      {
        "package": "DateBuilder",
        "repositoryURL": "https://github.com/nicephoton/DateBuilder",
        "state": {
          "branch": null,
          "revision": "3cb1361a7c4c6564b8e6c8e4c2a7767ea8808c8a",
          "version": "0.1.0"
        }
      }
    ]
  },
  "version": 1
}
